{
  "name": "ng-app",
  "lockfileVersion": 3,
  "requires": true,
  "packages": {
    "": {
      "name": "ng-app"
    },
    "node_modules/@angular/core": {
      "version": "21.2.12",
      "resolved": "https://registry.npmjs.org/@angular/core/-/core-21.2.12.tgz"
    },
    "node_modules/@angular/cli": {
      "version": "21.2.10",
      "dev": true
    },
    "node_modules/typescript": {
      "version": "5.9.3",
      "dev": true
    },
    "node_modules/private-lib": {
      "version": "git+https://deploy:CANARY-lock-token@git.example.invalid/org/private-lib.git#abc",
      "resolved": "git+https://deploy:CANARY-lock-token@git.example.invalid/org/private-lib.git#abc"
    }
  }
}
